
Microsoft Visual Studio Solution File, Format Version 12.00
# Visual Studio Version 16
VisualStudioVersion = 16.0.31313.79
MinimumVisualStudioVersion = 10.0.40219.1
Project("{9A19103F-16F7-4668-BE54-9A1E7A4F7556}") = "DesafioProwayFinancas.WebApi", "src\DesafioProwayFinancas.WebApi\DesafioProwayFinancas.WebApi.csproj", "{01E47EAD-63EB-40E7-860B-6A5C764028E9}"
	ProjectSection(ProjectDependencies) = postProject
		{A96B0F61-6518-417D-B793-26093E9D13B3} = {A96B0F61-6518-417D-B793-26093E9D13B3}
		{C962EBDF-4918-4AC6-B3D3-060DD8FA9D50} = {C962EBDF-4918-4AC6-B3D3-060DD8FA9D50}
	EndProjectSection
EndProject
Project("{9A19103F-16F7-4668-BE54-9A1E7A4F7556}") = "DesafioProwayFinancas.Dados", "src\DesafioProwayFinancas.Dados\DesafioProwayFinancas.Dados.csproj", "{AB52A609-C545-4C4C-A32C-D7358639FECE}"
EndProject
Project("{9A19103F-16F7-4668-BE54-9A1E7A4F7556}") = "DesafioProwayFinancas.IoC", "src\DesafioProwayFinancas.IoC\DesafioProwayFinancas.IoC.csproj", "{A96B0F61-6518-417D-B793-26093E9D13B3}"
EndProject
Project("{9A19103F-16F7-4668-BE54-9A1E7A4F7556}") = "DesafioProwayFinancas.Database", "src\DesafioProwayFinancas.Database\DesafioProwayFinancas.Database.csproj", "{D4D9B61C-B037-4E1D-BB0A-AD0AE95EC8A2}"
EndProject
Project("{9A19103F-16F7-4668-BE54-9A1E7A4F7556}") = "DesafioProwayFinancas.Services", "src\DesafioProwayFinancas.Services\DesafioProwayFinancas.Services.csproj", "{FD5D7120-1085-4B47-A55E-267E4C11F83F}"
EndProject
Project("{9A19103F-16F7-4668-BE54-9A1E7A4F7556}") = "DesafioProwayFinancas.CrossCutting", "src\DesafioProwayFinancas.CrossCutting\DesafioProwayFinancas.CrossCutting.csproj", "{C962EBDF-4918-4AC6-B3D3-060DD8FA9D50}"
EndProject
Project("{2150E333-8FDC-42A3-9474-1A3956D46DE8}") = "Testes", "Testes", "{9AB3E93D-B377-4762-AC1B-3BE29D12B6E0}"
EndProject
Project("{9A19103F-16F7-4668-BE54-9A1E7A4F7556}") = "DesafioProwayFinancas.Integracao.Tests", "tests\DesafioProwayFinancas.Tests\DesafioProwayFinancas.Integracao.Tests\DesafioProwayFinancas.Integracao.Tests.csproj", "{CCDCD618-B6E1-49D2-BEA2-5E5DEC69D42E}"
EndProject
Project("{FAE04EC0-301F-11D3-BF4B-00C04F79EFBC}") = "DesafioProwayFinancas.Unit.Tests", "tests\DesafioProwayFinancas.Unit.Tests\DesafioProwayFinancas.Unit.Tests.csproj", "{DAF89BD7-7872-4ACD-BE69-9BAED2F30343}"
EndProject
Global
	GlobalSection(SolutionConfigurationPlatforms) = preSolution
		Debug|Any CPU = Debug|Any CPU
		Release|Any CPU = Release|Any CPU
	EndGlobalSection
	GlobalSection(ProjectConfigurationPlatforms) = postSolution
		{01E47EAD-63EB-40E7-860B-6A5C764028E9}.Debug|Any CPU.ActiveCfg = Debug|Any CPU
		{01E47EAD-63EB-40E7-860B-6A5C764028E9}.Debug|Any CPU.Build.0 = Debug|Any CPU
		{01E47EAD-63EB-40E7-860B-6A5C764028E9}.Release|Any CPU.ActiveCfg = Release|Any CPU
		{01E47EAD-63EB-40E7-860B-6A5C764028E9}.Release|Any CPU.Build.0 = Release|Any CPU
		{AB52A609-C545-4C4C-A32C-D7358639FECE}.Debug|Any CPU.ActiveCfg = Debug|Any CPU
		{AB52A609-C545-4C4C-A32C-D7358639FECE}.Debug|Any CPU.Build.0 = Debug|Any CPU
		{AB52A609-C545-4C4C-A32C-D7358639FECE}.Release|Any CPU.ActiveCfg = Release|Any CPU
		{AB52A609-C545-4C4C-A32C-D7358639FECE}.Release|Any CPU.Build.0 = Release|Any CPU
		{A96B0F61-6518-417D-B793-26093E9D13B3}.Debug|Any CPU.ActiveCfg = Debug|Any CPU
		{A96B0F61-6518-417D-B793-26093E9D13B3}.Debug|Any CPU.Build.0 = Debug|Any CPU
		{A96B0F61-6518-417D-B793-26093E9D13B3}.Release|Any CPU.ActiveCfg = Release|Any CPU
		{A96B0F61-6518-417D-B793-26093E9D13B3}.Release|Any CPU.Build.0 = Release|Any CPU
		{D4D9B61C-B037-4E1D-BB0A-AD0AE95EC8A2}.Debug|Any CPU.ActiveCfg = Debug|Any CPU
		{D4D9B61C-B037-4E1D-BB0A-AD0AE95EC8A2}.Debug|Any CPU.Build.0 = Debug|Any CPU
		{D4D9B61C-B037-4E1D-BB0A-AD0AE95EC8A2}.Release|Any CPU.ActiveCfg = Release|Any CPU
		{D4D9B61C-B037-4E1D-BB0A-AD0AE95EC8A2}.Release|Any CPU.Build.0 = Release|Any CPU
		{FD5D7120-1085-4B47-A55E-267E4C11F83F}.Debug|Any CPU.ActiveCfg = Debug|Any CPU
		{FD5D7120-1085-4B47-A55E-267E4C11F83F}.Debug|Any CPU.Build.0 = Debug|Any CPU
		{FD5D7120-1085-4B47-A55E-267E4C11F83F}.Release|Any CPU.ActiveCfg = Release|Any CPU
		{FD5D7120-1085-4B47-A55E-267E4C11F83F}.Release|Any CPU.Build.0 = Release|Any CPU
		{C962EBDF-4918-4AC6-B3D3-060DD8FA9D50}.Debug|Any CPU.ActiveCfg = Debug|Any CPU
		{C962EBDF-4918-4AC6-B3D3-060DD8FA9D50}.Debug|Any CPU.Build.0 = Debug|Any CPU
		{C962EBDF-4918-4AC6-B3D3-060DD8FA9D50}.Release|Any CPU.ActiveCfg = Release|Any CPU
		{C962EBDF-4918-4AC6-B3D3-060DD8FA9D50}.Release|Any CPU.Build.0 = Release|Any CPU
		{CCDCD618-B6E1-49D2-BEA2-5E5DEC69D42E}.Debug|Any CPU.ActiveCfg = Debug|Any CPU
		{CCDCD618-B6E1-49D2-BEA2-5E5DEC69D42E}.Debug|Any CPU.Build.0 = Debug|Any CPU
		{CCDCD618-B6E1-49D2-BEA2-5E5DEC69D42E}.Release|Any CPU.ActiveCfg = Release|Any CPU
		{CCDCD618-B6E1-49D2-BEA2-5E5DEC69D42E}.Release|Any CPU.Build.0 = Release|Any CPU
		{DAF89BD7-7872-4ACD-BE69-9BAED2F30343}.Debug|Any CPU.ActiveCfg = Debug|Any CPU
		{DAF89BD7-7872-4ACD-BE69-9BAED2F30343}.Debug|Any CPU.Build.0 = Debug|Any CPU
		{DAF89BD7-7872-4ACD-BE69-9BAED2F30343}.Release|Any CPU.ActiveCfg = Release|Any CPU
		{DAF89BD7-7872-4ACD-BE69-9BAED2F30343}.Release|Any CPU.Build.0 = Release|Any CPU
	EndGlobalSection
	GlobalSection(SolutionProperties) = preSolution
		HideSolutionNode = FALSE
	EndGlobalSection
	GlobalSection(NestedProjects) = preSolution
		{CCDCD618-B6E1-49D2-BEA2-5E5DEC69D42E} = {9AB3E93D-B377-4762-AC1B-3BE29D12B6E0}
		{DAF89BD7-7872-4ACD-BE69-9BAED2F30343} = {9AB3E93D-B377-4762-AC1B-3BE29D12B6E0}
	EndGlobalSection
	GlobalSection(ExtensibilityGlobals) = postSolution
		SolutionGuid = {F897E3B3-8B8F-4C18-932D-2BC7DFCC232D}
	EndGlobalSection
EndGlobal
